
Microsoft Visual Studio Solution File, Format Version 12.00
# Visual Studio Version 16
VisualStudioVersion = 16.0.31005.135
MinimumVisualStudioVersion = 10.0.40219.1
Project("{FAE04EC0-301F-11D3-BF4B-00C04F79EFBC}") = "Parroteer", "Parroteer.csproj", "{BE922EA0-CA16-47E7-9F8E-C33AF0E60D44}"
EndProject
Global
	GlobalSection(SolutionConfigurationPlatforms) = preSolution
		Debug|Any CPU = Debug|Any CPU
		Debug|x64 = Debug|x64
		Release|Any CPU = Release|Any CPU
		Release|x64 = Release|x64
	EndGlobalSection
	GlobalSection(ProjectConfigurationPlatforms) = postSolution
		{BE922EA0-CA16-47E7-9F8E-C33AF0E60D44}.Debug|Any CPU.ActiveCfg = Debug|Any CPU
		{BE922EA0-CA16-47E7-9F8E-C33AF0E60D44}.Debug|Any CPU.Build.0 = Debug|Any CPU
		{BE922EA0-CA16-47E7-9F8E-C33AF0E60D44}.Debug|x64.ActiveCfg = Debug|x64
		{BE922EA0-CA16-47E7-9F8E-C33AF0E60D44}.Debug|x64.Build.0 = Debug|x64
		{BE922EA0-CA16-47E7-9F8E-C33AF0E60D44}.Release|Any CPU.ActiveCfg = Release|Any CPU
		{BE922EA0-CA16-47E7-9F8E-C33AF0E60D44}.Release|Any CPU.Build.0 = Release|Any CPU
		{BE922EA0-CA16-47E7-9F8E-C33AF0E60D44}.Release|x64.ActiveCfg = Release|x64
		{BE922EA0-CA16-47E7-9F8E-C33AF0E60D44}.Release|x64.Build.0 = Release|x64
	EndGlobalSection
	GlobalSection(SolutionProperties) = preSolution
		HideSolutionNode = FALSE
	EndGlobalSection
	GlobalSection(ExtensibilityGlobals) = postSolution
		SolutionGuid = {4AB8E9BE-F2B8-4067-9A95-0FA2E6D00D1C}
	EndGlobalSection
EndGlobal
